
Microsoft Visual Studio Solution File, Format Version 12.00
# Visual Studio Version 17
VisualStudioVersion = 17.2.32519.379
MinimumVisualStudioVersion = 10.0.40219.1
Project("{FAE04EC0-301F-11D3-BF4B-00C04F79EFBC}") = "Variable_and_Output", "Variable_and_Output\Variable_and_Output.csproj", "{B25C393F-A41E-48B2-9B1C-6B4BAF4DC5DF}"
EndProject
Global
	GlobalSection(SolutionConfigurationPlatforms) = preSolution
		Debug|Any CPU = Debug|Any CPU
		Release|Any CPU = Release|Any CPU
	EndGlobalSection
	GlobalSection(ProjectConfigurationPlatforms) = postSolution
		{B25C393F-A41E-48B2-9B1C-6B4BAF4DC5DF}.Debug|Any CPU.ActiveCfg = Debug|Any CPU
		{B25C393F-A41E-48B2-9B1C-6B4BAF4DC5DF}.Debug|Any CPU.Build.0 = Debug|Any CPU
		{B25C393F-A41E-48B2-9B1C-6B4BAF4DC5DF}.Release|Any CPU.ActiveCfg = Release|Any CPU
		{B25C393F-A41E-48B2-9B1C-6B4BAF4DC5DF}.Release|Any CPU.Build.0 = Release|Any CPU
	EndGlobalSection
	GlobalSection(SolutionProperties) = preSolution
		HideSolutionNode = FALSE
	EndGlobalSection
	GlobalSection(ExtensibilityGlobals) = postSolution
		SolutionGuid = {9BAE6E63-D874-44EE-9641-B87E58A0D12A}
	EndGlobalSection
EndGlobal
